# This file is automatically @generated by Cargo.
# It is not intended for manual editing.
version = 4

[[package]]
name = "arbitrary-int"
version = "2.0.0"
source = "registry+https://github.com/rust-lang/crates.io-index"
checksum = "c858caffa49edfc4ecc45a4bec37abd3e88041a2903816f10f990b7b41abc281"

[[package]]
name = "critical-section"
version = "1.2.0"
source = "registry+https://github.com/rust-lang/crates.io-index"
checksum = "790eea4361631c5e7d22598ecd5723ff611904e3344ce8720784c93e3d83d40b"

[[package]]
name = "portable-atomic"
version = "1.11.1"
source = "registry+https://github.com/rust-lang/crates.io-index"
checksum = "f84267b20a16ea918e43c6a88433c2d54fa145c92a811b5b047ccbe153674483"

[[package]]
name = "rustmeter-beacon-core"
version = "0.1.0"
dependencies = [
 "arbitrary-int",
 "critical-section",
 "portable-atomic",
 "vu128",
]

[[package]]
name = "vu128"
version = "1.1.0"
source = "registry+https://github.com/rust-lang/crates.io-index"
checksum = "b18da3bd753c6f4373511e5f025423986560dfe4a5e7d642cc9a0266847f9fdd"
